// !$*UTF8*$!
{
	archiveVersion = 1;
	classes = {
	};
	objectVersion = 46;
	objects = {

/* Begin PBXBuildFile section */
		15B41BBC1C7F723700E47E8B /* AppDelegate.swift in Sources */ = {isa = PBXBuildFile; fileRef = 15B41BBB1C7F723700E47E8B /* AppDelegate.swift */; };
		15B41BBE1C7F723700E47E8B /* ViewController.swift in Sources */ = {isa = PBXBuildFile; fileRef = 15B41BBD1C7F723700E47E8B /* ViewController.swift */; };
		15B41BC11C7F723700E47E8B /* Main.storyboard in Resources */ = {isa = PBXBuildFile; fileRef = 15B41BBF1C7F723700E47E8B /* Main.storyboard */; };
		15B41BC31C7F723700E47E8B /* Assets.xcassets in Resources */ = {isa = PBXBuildFile; fileRef = 15B41BC21C7F723700E47E8B /* Assets.xcassets */; };
		15B41BC61C7F723700E47E8B /* LaunchScreen.storyboard in Resources */ = {isa = PBXBuildFile; fileRef = 15B41BC41C7F723700E47E8B /* LaunchScreen.storyboard */; };
		15B41BCE1C7F7C1600E47E8B /* cat.png in Resources */ = {isa = PBXBuildFile; fileRef = 15B41BCD1C7F7C1600E47E8B /* cat.png */; };
		15B41BD01C7F7DC200E47E8B /* agespecific .jpg in Resources */ = {isa = PBXBuildFile; fileRef = 15B41BCF1C7F7DC200E47E8B /* agespecific .jpg */; };
/* End PBXBuildFile section */

/* Begin PBXFileReference section */
		15B41BB81C7F723700E47E8B /* Hello World.app */ = {isa = PBXFileReference; explicitFileType = wrapper.application; includeInIndex = 0; path = "Hello World.app"; sourceTree = BUILT_PRODUCTS_DIR; };
		15B41BBB1C7F723700E47E8B /* AppDelegate.swift */ = {isa = PBXFileReference; lastKnownFileType = sourcecode.swift; path = AppDelegate.swift; sourceTree = "<group>"; };
		15B41BBD1C7F723700E47E8B /* ViewController.swift */ = {isa = PBXFileReference; lastKnownFileType = sourcecode.swift; path = ViewController.swift; sourceTree = "<group>"; };
		15B41BC01C7F723700E47E8B /* Base */ = {isa = PBXFileReference; lastKnownFileType = file.storyboard; name = Base; path = Base.lproj/Main.storyboard; sourceTree = "<group>"; };
		15B41BC21C7F723700E47E8B /* Assets.xcassets */ = {isa = PBXFileReference; lastKnownFileType = folder.assetcatalog; path = Assets.xcassets; sourceTree = "<group>"; };
		15B41BC51C7F723700E47E8B /* Base */ = {isa = PBXFileReference; lastKnownFileType = file.storyboard; name = Base; path = Base.lproj/LaunchScreen.storyboard; sourceTree = "<group>"; };
		15B41BC71C7F723700E47E8B /* Info.plist */ = {isa = PBXFileReference; lastKnownFileType = text.plist.xml; path = Info.plist; sourceTree = "<group>"; };
		15B41BCD1C7F7C1600E47E8B /* cat.png */ = {isa = PBXFileReference; lastKnownFileType = image.png; path = cat.png; sourceTree = "<group>"; };
		15B41BCF1C7F7DC200E47E8B /* agespecific .jpg */ = {isa = PBXFileReference; lastKnownFileType = image.jpeg; path = "agespecific .jpg"; sourceTree = "<group>"; };
/* End PBXFileReference section */

/* Begin PBXFrameworksBuildPhase section */
		15B41BB51C7F723700E47E8B /* Frameworks */ = {
			isa = PBXFrameworksBuildPhase;
			buildActionMask = 2147483647;
			files = (
			);
			runOnlyForDeploymentPostprocessing = 0;
		};
/* End PBXFrameworksBuildPhase section */

/* Begin PBXGroup section */
		15B41BAF1C7F723700E47E8B = {
			isa = PBXGroup;
			children = (
				15B41BBA1C7F723700E47E8B /* Hello World */,
				15B41BB91C7F723700E47E8B /* Products */,
			);
			sourceTree = "<group>";
		};
		15B41BB91C7F723700E47E8B /* Products */ = {
			isa = PBXGroup;
			children = (
				15B41BB81C7F723700E47E8B /* Hello World.app */,
			);
			name = Products;
			sourceTree = "<group>";
		};
		15B41BBA1C7F723700E47E8B /* Hello World */ = {
			isa = PBXGroup;
			children = (
				15B41BBB1C7F723700E47E8B /* AppDelegate.swift */,
				15B41BBD1C7F723700E47E8B /* ViewController.swift */,
				15B41BBF1C7F723700E47E8B /* Main.storyboard */,
				15B41BCF1C7F7DC200E47E8B /* agespecific .jpg */,
				15B41BCD1C7F7C1600E47E8B /* cat.png */,
				15B41BC21C7F723700E47E8B /* Assets.xcassets */,
				15B41BC41C7F723700E47E8B /* LaunchScreen.storyboard */,
				15B41BC71C7F723700E47E8B /* Info.plist */,
			);
			path = "Hello World";
			sourceTree = "<group>";
		};
/* End PBXGroup section */

/* Begin PBXNativeTarget section */
		15B41BB71C7F723700E47E8B /* Hello World */ = {
			isa = PBXNativeTarget;
			buildConfigurationList = 15B41BCA1C7F723700E47E8B /* Build configuration list for PBXNativeTarget "Hello World" */;
			buildPhases = (
				15B41BB41C7F723700E47E8B /* Sources */,
				15B41BB51C7F723700E47E8B /* Frameworks */,
				15B41BB61C7F723700E47E8B /* Resources */,
			);
			buildRules = (
			);
			dependencies = (
			);
			name = "Hello World";
			productName = "Hello World";
			productReference = 15B41BB81C7F723700E47E8B /* Hello World.app */;
			productType = "com.apple.product-type.application";
		};
/* End PBXNativeTarget section */

/* Begin PBXProject section */
		15B41BB01C7F723700E47E8B /* Project object */ = {
			isa = PBXProject;
			attributes = {
				LastSwiftUpdateCheck = 0720;
				LastUpgradeCheck = 0720;
				ORGANIZATIONNAME = Thesquaredtriangle;
				TargetAttributes = {
					15B41BB71C7F723700E47E8B = {
						CreatedOnToolsVersion = 7.2.1;
						DevelopmentTeam = 8VGRPK2A2V;
					};
				};
			};
			buildConfigurationList = 15B41BB31C7F723700E47E8B /* Build configuration list for PBXProject "Hello World" */;
			compatibilityVersion = "Xcode 3.2";
			developmentRegion = English;
			hasScannedForEncodings = 0;
			knownRegions = (
				en,
				Base,
			);
			mainGroup = 15B41BAF1C7F723700E47E8B;
			productRefGroup = 15B41BB91C7F723700E47E8B /* Products */;
			projectDirPath = "";
			projectRoot = "";
			targets = (
				15B41BB71C7F723700E47E8B /* Hello World */,
			);
		};
/* End PBXProject section */

/* Begin PBXResourcesBuildPhase section */
		15B41BB61C7F723700E47E8B /* Resources */ = {
			isa = PBXResourcesBuildPhase;
			buildActionMask = 2147483647;
			files = (
				15B41BC61C7F723700E47E8B /* LaunchScreen.storyboard in Resources */,
				15B41BC31C7F723700E47E8B /* Assets.xcassets in Resources */,
				15B41BCE1C7F7C1600E47E8B /* cat.png in Resources */,
				15B41BD01C7F7DC200E47E8B /* agespecific .jpg in Resources */,
				15B41BC11C7F723700E47E8B /* Main.storyboard in Resources */,
			);
			runOnlyForDeploymentPostprocessing = 0;
		};
/* End PBXResourcesBuildPhase section */

/* Begin PBXSourcesBuildPhase section */
		15B41BB41C7F723700E47E8B /* Sources */ = {
			isa = PBXSourcesBuildPhase;
			buildActionMask = 2147483647;
			files = (
				15B41BBE1C7F723700E47E8B /* ViewController.swift in Sources */,
				15B41BBC1C7F723700E47E8B /* AppDelegate.swift in Sources */,
			);
			runOnlyForDeploymentPostprocessing = 0;
		};
/* End PBXSourcesBuildPhase section */

/* Begin PBXVariantGroup section */
		15B41BBF1C7F723700E47E8B /* Main.storyboard */ = {
			isa = PBXVariantGroup;
			children = (
				15B41BC01C7F723700E47E8B /* Base */,
			);
			name = Main.storyboard;
			sourceTree = "<group>";
		};
		15B41BC41C7F723700E47E8B /* LaunchScreen.storyboard */ = {
			isa = PBXVariantGroup;
			children = (
				15B41BC51C7F723700E47E8B /* Base */,
			);
			name = LaunchScreen.storyboard;
			sourceTree = "<group>";
		};
/* End PBXVariantGroup section */

/* Begin XCBuildConfiguration section */
		15B41BC81C7F723700E47E8B /* Debug */ = {
			isa = XCBuildConfiguration;
			buildSettings = {
				ALWAYS_SEARCH_USER_PATHS = NO;
				CLANG_CXX_LANGUAGE_STANDARD = "gnu++0x";
				CLANG_CXX_LIBRARY = "libc++";
				CLANG_ENABLE_MODULES = YES;
				CLANG_ENABLE_OBJC_ARC = YES;
				CLANG_WARN_BOOL_CONVERSION = YES;
				CLANG_WARN_CONSTANT_CONVERSION = YES;
				CLANG_WARN_DIRECT_OBJC_ISA_USAGE = YES_ERROR;
				CLANG_WARN_EMPTY_BODY = YES;
				CLANG_WARN_ENUM_CONVERSION = YES;
				CLANG_WARN_INT_CONVERSION = YES;
				CLANG_WARN_OBJC_ROOT_CLASS = YES_ERROR;
				CLANG_WARN_UNREACHABLE_CODE = YES;
				CLANG_WARN__DUPLICATE_METHOD_MATCH = YES;
				"CODE_SIGN_IDENTITY[sdk=iphoneos*]" = "iPhone Developer";
				COPY_PHASE_STRIP = NO;
				DEBUG_INFORMATION_FORMAT = dwarf;
				ENABLE_STRICT_OBJC_MSGSEND = YES;
				ENABLE_TESTABILITY = YES;
				GCC_C_LANGUAGE_STANDARD = gnu99;
				GCC_DYNAMIC_NO_PIC = NO;
				GCC_NO_COMMON_BLOCKS = YES;
				GCC_OPTIMIZATION_LEVEL = 0;
				GCC_PREPROCESSOR_DEFINITIONS = (
					"DEBUG=1",
					"$(inherited)",
				);
				GCC_WARN_64_TO_32_BIT_CONVERSION = YES;
				GCC_WARN_ABOUT_RETURN_TYPE = YES_ERROR;
				GCC_WARN_UNDECLARED_SELECTOR = YES;
				GCC_WARN_UNINITIALIZED_AUTOS = YES_AGGRESSIVE;
				GCC_WARN_UNUSED_FUNCTION = YES;
				GCC_WARN_UNUSED_VARIABLE = YES;
				IPHONEOS_DEPLOYMENT_TARGET = 9.2;
				MTL_ENABLE_DEBUG_INFO = YES;
				ONLY_ACTIVE_ARCH = YES;
				SDKROOT = iphoneos;
				SWIFT_OPTIMIZATION_LEVEL = "-Onone";
			};
			name = Debug;
		};
		15B41BC91C7F723700E47E8B /* Release */ = {
			isa = XCBuildConfiguration;
			buildSettings = {
				ALWAYS_SEARCH_USER_PATHS = NO;
				CLANG_CXX_LANGUAGE_STANDARD = "gnu++0x";
				CLANG_CXX_LIBRARY = "libc++";
				CLANG_ENABLE_MODULES = YES;
				CLANG_ENABLE_OBJC_ARC = YES;
				CLANG_WARN_BOOL_CONVERSION = YES;
				CLANG_WARN_CONSTANT_CONVERSION = YES;
				CLANG_WARN_DIRECT_OBJC_ISA_USAGE = YES_ERROR;
				CLANG_WARN_EMPTY_BODY = YES;
				CLANG_WARN_ENUM_CONVERSION = YES;
				CLANG_WARN_INT_CONVERSION = YES;
				CLANG_WARN_OBJC_ROOT_CLASS = YES_ERROR;
				CLANG_WARN_UNREACHABLE_CODE = YES;
				CLANG_WARN__DUPLICATE_METHOD_MATCH = YES;
				"CODE_SIGN_IDENTITY[sdk=iphoneos*]" = "iPhone Developer";
				COPY_PHASE_STRIP = NO;
				DEBUG_INFORMATION_FORMAT = "dwarf-with-dsym";
				ENABLE_NS_ASSERTIONS = NO;
				ENABLE_STRICT_OBJC_MSGSEND = YES;
				GCC_C_LANGUAGE_STANDARD = gnu99;
				GCC_NO_COMMON_BLOCKS = YES;
				GCC_WARN_64_TO_32_BIT_CONVERSION = YES;
				GCC_WARN_ABOUT_RETURN_TYPE = YES_ERROR;
				GCC_WARN_UNDECLARED_SELECTOR = YES;
				GCC_WARN_UNINITIALIZED_AUTOS = YES_AGGRESSIVE;
				GCC_WARN_UNUSED_FUNCTION = YES;
				GCC_WARN_UNUSED_VARIABLE = YES;
				IPHONEOS_DEPLOYMENT_TARGET = 9.2;
				MTL_ENABLE_DEBUG_INFO = NO;
				SDKROOT = iphoneos;
				VALIDATE_PRODUCT = YES;
			};
			name = Release;
		};
		15B41BCB1C7F723700E47E8B /* Debug */ = {
			isa = XCBuildConfiguration;
			buildSettings = {
				ASSETCATALOG_COMPILER_APPICON_NAME = AppIcon;
				CODE_SIGN_IDENTITY = "iPhone Developer";
				"CODE_SIGN_IDENTITY[sdk=iphoneos*]" = "iPhone Developer";
				INFOPLIST_FILE = "Hello World/Info.plist";
				LD_RUNPATH_SEARCH_PATHS = "$(inherited) @executable_path/Frameworks";
				PRODUCT_BUNDLE_IDENTIFIER = "com.thesquaredtriangle.Hello-World";
				PRODUCT_NAME = "$(TARGET_NAME)";
				PROVISIONING_PROFILE = "";
			};
			name = Debug;
		};
		15B41BCC1C7F723700E47E8B /* Release */ = {
			isa = XCBuildConfiguration;
			buildSettings = {
				ASSETCATALOG_COMPILER_APPICON_NAME = AppIcon;
				CODE_SIGN_IDENTITY = "iPhone Developer";
				"CODE_SIGN_IDENTITY[sdk=iphoneos*]" = "iPhone Developer";
				INFOPLIST_FILE = "Hello World/Info.plist";
				LD_RUNPATH_SEARCH_PATHS = "$(inherited) @executable_path/Frameworks";
				PRODUCT_BUNDLE_IDENTIFIER = "com.thesquaredtriangle.Hello-World";
				PRODUCT_NAME = "$(TARGET_NAME)";
				PROVISIONING_PROFILE = "";
			};
			name = Release;
		};
/* End XCBuildConfiguration section */

/* Begin XCConfigurationList section */
		15B41BB31C7F723700E47E8B /* Build configuration list for PBXProject "Hello World" */ = {
			isa = XCConfigurationList;
			buildConfigurations = (
				15B41BC81C7F723700E47E8B /* Debug */,
				15B41BC91C7F723700E47E8B /* Release */,
			);
			defaultConfigurationIsVisible = 0;
			defaultConfigurationName = Release;
		};
		15B41BCA1C7F723700E47E8B /* Build configuration list for PBXNativeTarget "Hello World" */ = {
			isa = XCConfigurationList;
			buildConfigurations = (
				15B41BCB1C7F723700E47E8B /* Debug */,
				15B41BCC1C7F723700E47E8B /* Release */,
			);
			defaultConfigurationIsVisible = 0;
		};
/* End XCConfigurationList section */
	};
	rootObject = 15B41BB01C7F723700E47E8B /* Project object */;
}
